
Microsoft Visual Studio Solution File, Format Version 12.00
Project("{FAE04EC0-301F-11D3-BF4B-00C04F79EFBC}") = "ComplexLibrary", "ComplexLibrary\ComplexLibrary.csproj", "{C79AEB28-DFDB-434B-9BE4-715F3F8EE737}"
EndProject
Global
	GlobalSection(SolutionConfigurationPlatforms) = preSolution
		Debug|Any CPU = Debug|Any CPU
		Release|Any CPU = Release|Any CPU
	EndGlobalSection
	GlobalSection(ProjectConfigurationPlatforms) = postSolution
		{C79AEB28-DFDB-434B-9BE4-715F3F8EE737}.Debug|Any CPU.ActiveCfg = Debug|Any CPU
		{C79AEB28-DFDB-434B-9BE4-715F3F8EE737}.Debug|Any CPU.Build.0 = Debug|Any CPU
		{C79AEB28-DFDB-434B-9BE4-715F3F8EE737}.Release|Any CPU.ActiveCfg = Release|Any CPU
		{C79AEB28-DFDB-434B-9BE4-715F3F8EE737}.Release|Any CPU.Build.0 = Release|Any CPU
	EndGlobalSection
EndGlobal
